
Microsoft Visual Studio Solution File, Format Version 12.00
# Visual Studio Version 17
VisualStudioVersion = 17.0.31903.59
MinimumVisualStudioVersion = 10.0.40219.1
Project("{FAE04EC0-301F-11D3-BF4B-00C04F79EFBC}") = "Gateway", "Gateway\Gateway.csproj", "{60AAEEFB-FB01-4E06-9B97-FFA7594733EB}"
EndProject
Project("{FAE04EC0-301F-11D3-BF4B-00C04F79EFBC}") = "ServiceOne", "ServiceOne\ServiceOne.csproj", "{27481924-51AE-4693-A140-EDFA49A3C910}"
EndProject
Project("{FAE04EC0-301F-11D3-BF4B-00C04F79EFBC}") = "ServiceTwo", "ServiceTwo\ServiceTwo.csproj", "{EE408DFD-91C7-4240-AD0B-5A7107E5B0CE}"
EndProject
Global
	GlobalSection(SolutionConfigurationPlatforms) = preSolution
		Debug|Any CPU = Debug|Any CPU
		Release|Any CPU = Release|Any CPU
	EndGlobalSection
	GlobalSection(SolutionProperties) = preSolution
		HideSolutionNode = FALSE
	EndGlobalSection
	GlobalSection(ProjectConfigurationPlatforms) = postSolution
		{60AAEEFB-FB01-4E06-9B97-FFA7594733EB}.Debug|Any CPU.ActiveCfg = Debug|Any CPU
		{60AAEEFB-FB01-4E06-9B97-FFA7594733EB}.Debug|Any CPU.Build.0 = Debug|Any CPU
		{60AAEEFB-FB01-4E06-9B97-FFA7594733EB}.Release|Any CPU.ActiveCfg = Release|Any CPU
		{60AAEEFB-FB01-4E06-9B97-FFA7594733EB}.Release|Any CPU.Build.0 = Release|Any CPU
		{27481924-51AE-4693-A140-EDFA49A3C910}.Debug|Any CPU.ActiveCfg = Debug|Any CPU
		{27481924-51AE-4693-A140-EDFA49A3C910}.Debug|Any CPU.Build.0 = Debug|Any CPU
		{27481924-51AE-4693-A140-EDFA49A3C910}.Release|Any CPU.ActiveCfg = Release|Any CPU
		{27481924-51AE-4693-A140-EDFA49A3C910}.Release|Any CPU.Build.0 = Release|Any CPU
		{EE408DFD-91C7-4240-AD0B-5A7107E5B0CE}.Debug|Any CPU.ActiveCfg = Debug|Any CPU
		{EE408DFD-91C7-4240-AD0B-5A7107E5B0CE}.Debug|Any CPU.Build.0 = Debug|Any CPU
		{EE408DFD-91C7-4240-AD0B-5A7107E5B0CE}.Release|Any CPU.ActiveCfg = Release|Any CPU
		{EE408DFD-91C7-4240-AD0B-5A7107E5B0CE}.Release|Any CPU.Build.0 = Release|Any CPU
	EndGlobalSection
EndGlobal
